{
  "name": "fake-price",
  "version": "1.0.2",
  "lockfileVersion": 1,
  "requires": true,
  "dependencies": {
    "@sentry/core": {
      "version": "5.10.2",
      "resolved": "https://registry.npmjs.org/@sentry/core/-/core-5.10.2.tgz",
      "integrity": "sha512-sKVeFH3v8K8xw2vM5MKMnnyAAwih+JSE3pbNL0CcCCA+/SwX+3jeAo2BhgXev2SAR/TjWW+wmeC9TdIW7KyYbg==",
      "requires": {
        "@sentry/hub": "5.10.2",
        "@sentry/minimal": "5.10.2",
        "@sentry/types": "5.10.0",
        "@sentry/utils": "5.10.2",
        "tslib": "^1.9.3"
      }
    },
    "@sentry/hub": {
      "version": "5.10.2",
      "resolved": "https://registry.npmjs.org/@sentry/hub/-/hub-5.10.2.tgz",
      "integrity": "sha512-hSlZIiu3hcR/I5yEhlpN9C0nip+U7hiRzRzUQaBiHO4YG4TC58NqnOPR89D/ekiuHIXzFpjW9OQmqtAMRoSUYA==",
      "requires": {
        "@sentry/types": "5.10.0",
        "@sentry/utils": "5.10.2",
        "tslib": "^1.9.3"
      }
    },
    "@sentry/minimal": {
      "version": "5.10.2",
      "resolved": "https://registry.npmjs.org/@sentry/minimal/-/minimal-5.10.2.tgz",
      "integrity": "sha512-GalixiM9sckYfompH5HHTp9XT2BcjawBkcl1DMEKUBEi37+kUq0bivOBmnN1G/I4/wWOUdnAI/kagDWaWpbZPg==",
      "requires": {
        "@sentry/hub": "5.10.2",
        "@sentry/types": "5.10.0",
        "tslib": "^1.9.3"
      }
    },
    "@sentry/types": {
      "version": "5.10.0",
      "resolved": "https://registry.npmjs.org/@sentry/types/-/types-5.10.0.tgz",
      "integrity": "sha512-TW20GzkCWsP6uAxR2JIpIkiitCKyIOfkyDsKBeLqYj4SaZjfvBPnzgNCcYR0L0UsP1/Es6oHooZfIGSkp6GGxQ=="
    },
    "@sentry/utils": {
      "version": "5.10.2",
      "resolved": "https://registry.npmjs.org/@sentry/utils/-/utils-5.10.2.tgz",
      "integrity": "sha512-UcbbaFpYrGSV448lQ16Cr+W/MPuKUflQQUdrMCt5vgaf5+M7kpozlcji4GGGZUCXIA7oRP93ABoXj55s1OM9zw==",
      "requires": {
        "@sentry/types": "5.10.0",
        "tslib": "^1.9.3"
      }
    },
    "pigeon": {
      "version": "github:tlianza/pigeon#e0cc165a69bae0f15a1d9b06a4579177656cf345",
      "from": "github:tlianza/pigeon",
      "requires": {
        "@sentry/core": "^5.5.0",
        "@sentry/hub": "^5.5.0",
        "@sentry/minimal": "^5.5.0",
        "@sentry/types": "^5.5.0",
        "@sentry/utils": "^5.5.0",
        "stack-trace": "0.0.10"
      }
    },
    "prettier": {
      "version": "1.18.2",
      "resolved": "https://registry.npmjs.org/prettier/-/prettier-1.18.2.tgz",
      "integrity": "sha512-OeHeMc0JhFE9idD4ZdtNibzY0+TPHSpSSb9h8FqtP+YnoZZ1sl8Vc9b1sasjfymH3SonAF4QcA2+mzHPhMvIiw==",
      "dev": true
    },
    "stack-trace": {
      "version": "0.0.10",
      "resolved": "https://registry.npmjs.org/stack-trace/-/stack-trace-0.0.10.tgz",
      "integrity": "sha1-VHxws0fo0ytOEI6hoqFZ5f3eGcA="
    },
    "tslib": {
      "version": "1.10.0",
      "resolved": "https://registry.npmjs.org/tslib/-/tslib-1.10.0.tgz",
      "integrity": "sha512-qOebF53frne81cf0S9B41ByenJ3/IuH8yJKngAX35CmiZySA0khhkovshKK+jGCaMnVomla7gVlIcc3EvKPbTQ=="
    }
  }
}
